{
  "nodes": {
    "disko": {
      "inputs": {
        "nixpkgs": [
          "nixpkgs"
        ]
      },
      "locked": {
        "lastModified": 1694808292,
        "narHash": "sha256-zSZ8IfZfv6nK0z+wNuM0Tqx6c9b4+Q5Xn9FIpunWBwA=",
        "owner": "nix-community",
        "repo": "disko",
        "rev": "0faae8adf6d790df2c3d00437ccad7cd5c531c70",
        "type": "github"
      },
      "original": {
        "owner": "nix-community",
        "repo": "disko",
        "type": "github"
      }
    },
    "flake-secrets": {
      "inputs": {
        "nixpkgs": [
          "nixpkgs"
        ]
      },
      "locked": {
        "lastModified": 1694831274,
        "narHash": "sha256-W+nrO99j9XP9f+6uJwevJpBgeMzs4+GWKNTKAiHiKWw=",
        "ref": "refs/heads/main",
        "rev": "d9a5ce5276704e406423be2441cbe9ae437d78e1",
        "revCount": 1,
        "type": "git",
        "url": "file:./../flake-secrets"
      },
      "original": {
        "type": "git",
        "url": "file:./../flake-secrets"
      }
    },
    "flake-utils": {
      "inputs": {
        "systems": [
          "systems"
        ]
      },
      "locked": {
        "lastModified": 1694529238,
        "narHash": "sha256-zsNZZGTGnMOf9YpHKJqMSsa0dXbfmxeoJ7xHlrt+xmY=",
        "owner": "numtide",
        "repo": "flake-utils",
        "rev": "ff7b65b44d01cf9ba6a71320833626af21126384",
        "type": "github"
      },
      "original": {
        "owner": "numtide",
        "repo": "flake-utils",
        "type": "github"
      }
    },
    "home-manager": {
      "inputs": {
        "nixpkgs": [
          "nixpkgs"
        ]
      },
      "locked": {
        "lastModified": 1694643239,
        "narHash": "sha256-pv2k/5FvyirDE8g4TNehzwZ0T4UOMMmqWSQnM/luRtE=",
        "owner": "nix-community",
        "repo": "home-manager",
        "rev": "d9b88b43524db1591fb3d9410a21428198d75d49",
        "type": "github"
      },
      "original": {
        "owner": "nix-community",
        "repo": "home-manager",
        "type": "github"
      }
    },
    "nixpkgs": {
      "locked": {
        "lastModified": 1694767346,
        "narHash": "sha256-5uH27SiVFUwsTsqC5rs3kS7pBoNhtoy9QfTP9BmknGk=",
        "owner": "NixOS",
        "repo": "nixpkgs",
        "rev": "ace5093e36ab1e95cb9463863491bee90d5a4183",
        "type": "github"
      },
      "original": {
        "owner": "NixOS",
        "ref": "nixos-unstable",
        "repo": "nixpkgs",
        "type": "github"
      }
    },
    "root": {
      "inputs": {
        "disko": "disko",
        "flake-secrets": "flake-secrets",
        "flake-utils": "flake-utils",
        "home-manager": "home-manager",
        "nixpkgs": "nixpkgs",
        "systems": "systems"
      }
    },
    "systems": {
      "flake": false,
      "locked": {
        "lastModified": 1,
        "narHash": "sha256-8wkkYGr1dPSnX9oVMX8D6dTOROXKOYpBTKfriA0sEBI=",
        "path": "./flake.systems.nix",
        "type": "path"
      },
      "original": {
        "path": "./flake.systems.nix",
        "type": "path"
      }
    }
  },
  "root": "root",
  "version": 7
}
