{
  "nodes": {
    "disko": {
      "inputs": {
        "nixpkgs": [
          "nixpkgs"
        ]
      },
      "locked": {
        "lastModified": 1702862583,
        "narHash": "sha256-WXsUhQxFBkivItTteAeQ7j7kRdL7zFU4NOmdZ8KLHuc=",
        "owner": "nix-community",
        "repo": "disko",
        "rev": "e74526b33421a52ce06b2ccadbe670d25012eb01",
        "type": "github"
      },
      "original": {
        "owner": "nix-community",
        "repo": "disko",
        "type": "github"
      }
    },
    "flake-secrets": {
      "inputs": {
        "nixpkgs": [
          "nixpkgs"
        ]
      },
      "locked": {
        "lastModified": 1702995555,
        "narHash": "sha256-OjsvwwE46LKYy5lDkkrFuHN+tPvUGXXHSUGxH+M2Ivg=",
        "ref": "refs/heads/main",
        "rev": "f7ec987adc794c0dc4863f1dff2454a53ca2445f",
        "revCount": 7,
        "type": "git",
        "url": "file:./../flake-secrets"
      },
      "original": {
        "type": "git",
        "url": "file:./../flake-secrets"
      }
    },
    "flake-utils": {
      "inputs": {
        "systems": [
          "systems"
        ]
      },
      "locked": {
        "lastModified": 1701680307,
        "narHash": "sha256-kAuep2h5ajznlPMD9rnQyffWG8EM/C73lejGofXvdM8=",
        "owner": "numtide",
        "repo": "flake-utils",
        "rev": "4022d587cbbfd70fe950c1e2083a02621806a725",
        "type": "github"
      },
      "original": {
        "owner": "numtide",
        "repo": "flake-utils",
        "type": "github"
      }
    },
    "home-manager": {
      "inputs": {
        "nixpkgs": [
          "nixpkgs"
        ]
      },
      "locked": {
        "lastModified": 1702937117,
        "narHash": "sha256-4GjkL2D01bDg00UZN/SeGrnBZrDVOFeZTbQx6U702Vc=",
        "owner": "nix-community",
        "repo": "home-manager",
        "rev": "e8aaced73ebaf6bfa8e3c6ab0a19cb184bc4d798",
        "type": "github"
      },
      "original": {
        "owner": "nix-community",
        "repo": "home-manager",
        "type": "github"
      }
    },
    "nixpkgs": {
      "locked": {
        "lastModified": 1702830618,
        "narHash": "sha256-lvhwIvRwhOLgzbRuYkqHy4M5cQHYs4ktL6/hyuBS6II=",
        "owner": "NixOS",
        "repo": "nixpkgs",
        "rev": "91a00709aebb3602f172a0bf47ba1ef013e34835",
        "type": "github"
      },
      "original": {
        "owner": "NixOS",
        "ref": "nixos-unstable",
        "repo": "nixpkgs",
        "type": "github"
      }
    },
    "root": {
      "inputs": {
        "disko": "disko",
        "flake-secrets": "flake-secrets",
        "flake-utils": "flake-utils",
        "home-manager": "home-manager",
        "nixpkgs": "nixpkgs",
        "systems": "systems"
      }
    },
    "systems": {
      "flake": false,
      "locked": {
        "lastModified": 1,
        "narHash": "sha256-8wkkYGr1dPSnX9oVMX8D6dTOROXKOYpBTKfriA0sEBI=",
        "path": "./flake.systems.nix",
        "type": "path"
      },
      "original": {
        "path": "./flake.systems.nix",
        "type": "path"
      }
    }
  },
  "root": "root",
  "version": 7
}
